<?xml version="1.0" encoding="UTF-8" standalone="yes" ?>
<CodeBlocks_project_file>
	<FileVersion major="1" minor="6" />
	<Project>
		<Option title="NewGame" />
		<Option pch_mode="2" />
		<Option compiler="gcc" />
		<Build>
			<Target title="Debug">
				<Option output="bin/Debug/NewGame" prefix_auto="1" extension_auto="1" />
				<Option object_output="obj/Debug/" />
				<Option type="1" />
				<Option compiler="gcc" />
				<Compiler>
					<Add option="-g" />
				</Compiler>
			</Target>
			<Target title="Release">
				<Option output="bin/Release/NewGame" prefix_auto="1" extension_auto="1" />
				<Option object_output="obj/Release/" />
				<Option type="1" />
				<Option compiler="gcc" />
				<Compiler>
					<Add option="-O2" />
				</Compiler>
				<Linker>
					<Add option="-s" />
				</Linker>
			</Target>
		</Build>
		<Compiler>
			<Add option="-Wall" />
			<Add option="-fexceptions" />
		</Compiler>
		<Unit filename="Menu.cpp" />
		<Unit filename="boss.cpp" />
		<Unit filename="boss.h" />
		<Unit filename="bullet.cpp" />
		<Unit filename="bullet.h" />
		<Unit filename="button.cpp" />
		<Unit filename="button.h" />
		<Unit filename="character.cpp" />
		<Unit filename="character.h" />
		<Unit filename="collision.cpp" />
		<Unit filename="collision.h" />
		<Unit filename="constant_value.h" />
		<Unit filename="creep.cpp" />
		<Unit filename="creep.h" />
		<Unit filename="creep_bullet.cpp" />
		<Unit filename="creep_bullet.h" />
		<Unit filename="diamond.cpp" />
		<Unit filename="diamond.h" />
		<Unit filename="door_button.cpp" />
		<Unit filename="door_button.h" />
		<Unit filename="fire.cpp" />
		<Unit filename="fire.h" />
		<Unit filename="fire_ball.cpp" />
		<Unit filename="fire_ball.h" />
		<Unit filename="fire_turret.cpp" />
		<Unit filename="fire_turret.h" />
		<Unit filename="game.cpp" />
		<Unit filename="game.h" />
		<Unit filename="gamebutton.cpp" />
		<Unit filename="gamebutton.h" />
		<Unit filename="gun.cpp" />
		<Unit filename="gun.h" />
		<Unit filename="lazergun.cpp" />
		<Unit filename="lazergun.h" />
		<Unit filename="main.cpp" />
		<Unit filename="map.cpp" />
		<Unit filename="map.h" />
		<Unit filename="memu.h" />
		<Unit filename="menu.h" />
		<Unit filename="object.h" />
		<Unit filename="portal.cpp" />
		<Unit filename="portal.h" />
		<Unit filename="robot1.cpp" />
		<Unit filename="robot1.h" />
		<Unit filename="saw.cpp" />
		<Unit filename="saw.h" />
		<Unit filename="sdl_utils.cpp" />
		<Unit filename="sdl_utils.h" />
		<Unit filename="texture.cpp" />
		<Unit filename="texture.h" />
		<Unit filename="thorns.cpp" />
		<Unit filename="thorns.h" />
		<Unit filename="tile.cpp" />
		<Unit filename="tile.h" />
		<Unit filename="window.cpp" />
		<Unit filename="window.h" />
		<Unit filename="xbuster.cpp" />
		<Unit filename="xbuster.h" />
		<Extensions>
			<lib_finder disable_auto="1" />
		</Extensions>
	</Project>
</CodeBlocks_project_file>
