<?xml version="1.0" encoding="UTF-8" standalone="yes" ?>
<CodeBlocks_project_file>
	<FileVersion major="1" minor="6" />
	<Project>
		<Option title="NewGame" />
		<Option pch_mode="2" />
		<Option compiler="gcc" />
		<Build>
			<Target title="Debug">
				<Option output="bin/Debug/NewGame" prefix_auto="1" extension_auto="1" />
				<Option object_output="obj/Debug/" />
				<Option type="1" />
				<Option compiler="gcc" />
				<Compiler>
					<Add option="-g" />
				</Compiler>
			</Target>
			<Target title="Release">
				<Option output="bin/Release/NewGame" prefix_auto="1" extension_auto="1" />
				<Option object_output="obj/Release/" />
				<Option type="1" />
				<Option compiler="gcc" />
				<Compiler>
					<Add option="-O2" />
					<Add option="-std=gnu++14" />
					<Add option="-std=c++11" />
					<Add directory="D:/NewSDL/SDL2/x86_64-w64-mingw32/include/SDL2" />
					<Add directory="D:/NewSDL/SDL2_image/x86_64-w64-mingw32/include/SDL2" />
					<Add directory="D:/NewSDL/SDL2_mixer/x86_64-w64-mingw32/include/SDL2" />
					<Add directory="D:/NewSDL/SDL2_ttf/x86_64-w64-mingw32/include/SDL2" />
				</Compiler>
				<Linker>
					<Add option="-s" />
					<Add option="-lmingw32 -lSDL2main -lSDL2 -lSDL2_image -lSDL2_ttf  -lSDL2_mixer" />
					<Add directory="D:/NewSDL/SDL2/x86_64-w64-mingw32/lib" />
					<Add directory="D:/NewSDL/SDL2_image/x86_64-w64-mingw32/lib" />
					<Add directory="D:/NewSDL/SDL2_mixer/x86_64-w64-mingw32/lib" />
					<Add directory="D:/NewSDL/SDL2_ttf/x86_64-w64-mingw32/lib" />
				</Linker>
			</Target>
		</Build>
		<Compiler>
			<Add option="-Wall" />
			<Add option="-fexceptions" />
		</Compiler>
		<Unit filename="head/Menu.cpp" />
		<Unit filename="head/boss.cpp" />
		<Unit filename="head/boss.h" />
		<Unit filename="head/character.cpp" />
		<Unit filename="head/character.h" />
		<Unit filename="head/collision.cpp" />
		<Unit filename="head/collision.h" />
		<Unit filename="head/constant_value.h" />
		<Unit filename="head/creep.cpp" />
		<Unit filename="head/creep.h" />
		<Unit filename="head/diamond.cpp" />
		<Unit filename="head/diamond.h" />
		<Unit filename="head/door_button.cpp" />
		<Unit filename="head/door_button.h" />
		<Unit filename="head/fire_turret.cpp" />
		<Unit filename="head/fire_turret.h" />
		<Unit filename="head/game.cpp" />
		<Unit filename="head/game.h" />
		<Unit filename="head/gamebutton.cpp" />
		<Unit filename="head/gamebutton.h" />
		<Unit filename="head/gun.cpp" />
		<Unit filename="head/gun.h" />
		<Unit filename="head/healthStored.cpp" />
		<Unit filename="head/healthStored.h" />
		<Unit filename="head/heart.cpp" />
		<Unit filename="head/heart.h" />
		<Unit filename="head/lavaboss.cpp" />
		<Unit filename="head/lavaboss.h" />
		<Unit filename="head/lazergun.cpp" />
		<Unit filename="head/lazergun.h" />
		<Unit filename="head/magicCircle.cpp" />
		<Unit filename="head/magicCircle.h" />
		<Unit filename="head/main.cpp" />
		<Unit filename="head/manaStored.cpp" />
		<Unit filename="head/manaStored.h" />
		<Unit filename="head/menu.h" />
		<Unit filename="head/object.h" />
		<Unit filename="head/portal.cpp" />
		<Unit filename="head/portal.h" />
		<Unit filename="head/robot1.cpp" />
		<Unit filename="head/robot1.h" />
		<Unit filename="head/saw.cpp" />
		<Unit filename="head/saw.h" />
		<Unit filename="head/sdl_utils.cpp" />
		<Unit filename="head/sdl_utils.h" />
		<Unit filename="head/sigma.cpp" />
		<Unit filename="head/sigma.h" />
		<Unit filename="head/texture.cpp" />
		<Unit filename="head/texture.h" />
		<Unit filename="head/thorns.cpp" />
		<Unit filename="head/thorns.h" />
		<Unit filename="head/tile.cpp" />
		<Unit filename="head/tile.h" />
		<Unit filename="head/window.cpp" />
		<Unit filename="head/window.h" />
		<Extensions>
			<lib_finder disable_auto="1" />
		</Extensions>
	</Project>
</CodeBlocks_project_file>
