<?xml version="1.0" encoding="UTF-8" standalone="yes" ?>
<CodeBlocks_project_file>
	<FileVersion major="1" minor="6" />
	<Project>
		<Option title="NewGame" />
		<Option pch_mode="2" />
		<Option compiler="gcc" />
		<Build>
			<Target title="Debug">
				<Option output="bin/Debug/NewGame" prefix_auto="1" extension_auto="1" />
				<Option object_output="obj/Debug/" />
				<Option type="1" />
				<Option compiler="gcc" />
				<Compiler>
					<Add option="-g" />
				</Compiler>
			</Target>
			<Target title="Release">
				<Option output="bin/Release/NewGame" prefix_auto="1" extension_auto="1" />
				<Option object_output="obj/Release/" />
				<Option type="1" />
				<Option compiler="gcc" />
				<Compiler>
					<Add option="-O2" />
				</Compiler>
				<Linker>
					<Add option="-s" />
				</Linker>
			</Target>
		</Build>
		<Compiler>
			<Add option="-Wall" />
			<Add option="-fexceptions" />
		</Compiler>
		<Unit filename="head/Menu.cpp" />
		<Unit filename="head/boss.cpp" />
		<Unit filename="head/boss.h" />
		<Unit filename="head/bullet.cpp" />
		<Unit filename="head/bullet.h" />
		<Unit filename="head/button.cpp" />
		<Unit filename="head/button.h" />
		<Unit filename="head/character.cpp" />
		<Unit filename="head/character.h" />
		<Unit filename="head/collision.cpp" />
		<Unit filename="head/collision.h" />
		<Unit filename="head/constant_value.h" />
		<Unit filename="head/creep.cpp" />
		<Unit filename="head/creep.h" />
		<Unit filename="head/creep_bullet.cpp" />
		<Unit filename="head/creep_bullet.h" />
		<Unit filename="head/diamond.cpp" />
		<Unit filename="head/diamond.h" />
		<Unit filename="head/door.h" />
		<Unit filename="head/door_buton.h" />
		<Unit filename="head/door_button.cpp" />
		<Unit filename="head/door_button.h" />
		<Unit filename="head/fire.cpp" />
		<Unit filename="head/fire.h" />
		<Unit filename="head/fire_ball.cpp" />
		<Unit filename="head/fire_ball.h" />
		<Unit filename="head/fire_turret.cpp" />
		<Unit filename="head/fire_turret.h" />
		<Unit filename="head/firecircle.cpp" />
		<Unit filename="head/firecircle.h" />
		<Unit filename="head/game.cpp" />
		<Unit filename="head/game.h" />
		<Unit filename="head/gamebutton.cpp" />
		<Unit filename="head/gamebutton.h" />
		<Unit filename="head/gun.cpp" />
		<Unit filename="head/gun.h" />
		<Unit filename="head/lava.h" />
		<Unit filename="head/lava_droplet.cpp" />
		<Unit filename="head/lava_droplet.h" />
		<Unit filename="head/lavaball.cpp" />
		<Unit filename="head/lavaball.h" />
		<Unit filename="head/lavaboss.cpp" />
		<Unit filename="head/lavaboss.h" />
		<Unit filename="head/lavafist.cpp" />
		<Unit filename="head/lavafist.h" />
		<Unit filename="head/lavasun.cpp" />
		<Unit filename="head/lavasun.h" />
		<Unit filename="head/lazer.h" />
		<Unit filename="head/lazergun.cpp" />
		<Unit filename="head/lazergun.h" />
		<Unit filename="head/magicCircle.cpp" />
		<Unit filename="head/magicCircle.h" />
		<Unit filename="head/map.cpp" />
		<Unit filename="head/map.h" />
		<Unit filename="head/memu.h" />
		<Unit filename="head/menu.h" />
		<Unit filename="head/object.h" />
		<Unit filename="head/portal.cpp" />
		<Unit filename="head/portal.h" />
		<Unit filename="head/robot1.cpp" />
		<Unit filename="head/robot1.h" />
		<Unit filename="head/saw.cpp" />
		<Unit filename="head/saw.h" />
		<Unit filename="head/sdl_utils.cpp" />
		<Unit filename="head/sdl_utils.h" />
		<Unit filename="head/sigma.cpp" />
		<Unit filename="head/sigma.h" />
		<Unit filename="head/texture.cpp" />
		<Unit filename="head/texture.h" />
		<Unit filename="head/thorns.cpp" />
		<Unit filename="head/thorns.h" />
		<Unit filename="head/tile.cpp" />
		<Unit filename="head/tile.h" />
		<Unit filename="head/window.cpp" />
		<Unit filename="head/window.h" />
		<Unit filename="head/xbuster.cpp" />
		<Unit filename="head/xbuster.h" />
		<Unit filename="main.cpp" />
		<Extensions>
			<lib_finder disable_auto="1" />
		</Extensions>
	</Project>
</CodeBlocks_project_file>
